
Microsoft Visual Studio Solution File, Format Version 12.00
# Visual Studio Version 16
VisualStudioVersion = 16.0.30907.101
MinimumVisualStudioVersion = 10.0.40219.1
Project("{FAE04EC0-301F-11D3-BF4B-00C04F79EFBC}") = "dotnet-api", "dotnet-api\dotnet-api.csproj", "{DA73C0A9-665F-4C7B-8D47-B3AA20E1F719}"
EndProject
Global
	GlobalSection(SolutionConfigurationPlatforms) = preSolution
		Debug|Any CPU = Debug|Any CPU
		Release|Any CPU = Release|Any CPU
	EndGlobalSection
	GlobalSection(ProjectConfigurationPlatforms) = postSolution
		{DA73C0A9-665F-4C7B-8D47-B3AA20E1F719}.Debug|Any CPU.ActiveCfg = Debug|Any CPU
		{DA73C0A9-665F-4C7B-8D47-B3AA20E1F719}.Debug|Any CPU.Build.0 = Debug|Any CPU
		{DA73C0A9-665F-4C7B-8D47-B3AA20E1F719}.Release|Any CPU.ActiveCfg = Release|Any CPU
		{DA73C0A9-665F-4C7B-8D47-B3AA20E1F719}.Release|Any CPU.Build.0 = Release|Any CPU
	EndGlobalSection
	GlobalSection(SolutionProperties) = preSolution
		HideSolutionNode = FALSE
	EndGlobalSection
	GlobalSection(ExtensibilityGlobals) = postSolution
		SolutionGuid = {D44A65C8-4568-48FF-BF86-8C2097D94C75}
	EndGlobalSection
EndGlobal
